
Microsoft Visual Studio Solution File, Format Version 12.00
# Visual Studio Version 16
VisualStudioVersion = 16.0.32929.386
MinimumVisualStudioVersion = 10.0.40219.1
Project("{FAE04EC0-301F-11D3-BF4B-00C04F79EFBC}") = "Chess_v1.0", "Chess_v1.0.csproj", "{C6C786C6-231D-4856-BA52-791523413E43}"
EndProject
Global
	GlobalSection(SolutionConfigurationPlatforms) = preSolution
		Debug|Any CPU = Debug|Any CPU
		Release|Any CPU = Release|Any CPU
	EndGlobalSection
	GlobalSection(ProjectConfigurationPlatforms) = postSolution
		{C6C786C6-231D-4856-BA52-791523413E43}.Debug|Any CPU.ActiveCfg = Debug|Any CPU
		{C6C786C6-231D-4856-BA52-791523413E43}.Debug|Any CPU.Build.0 = Debug|Any CPU
		{C6C786C6-231D-4856-BA52-791523413E43}.Release|Any CPU.ActiveCfg = Release|Any CPU
		{C6C786C6-231D-4856-BA52-791523413E43}.Release|Any CPU.Build.0 = Release|Any CPU
	EndGlobalSection
	GlobalSection(SolutionProperties) = preSolution
		HideSolutionNode = FALSE
	EndGlobalSection
	GlobalSection(ExtensibilityGlobals) = postSolution
		SolutionGuid = {D39C2618-D20C-4EE7-8588-B50DA1F6430B}
	EndGlobalSection
EndGlobal
